{
  "name": "TecEnergy",
  "lockfileVersion": 3,
  "requires": true,
  "packages": {
    "": {
      "dependencies": {
        "highcharts-angular": "^4.0.0"
      }
    },
    "node_modules/@angular/common": {
      "version": "17.0.9",
      "resolved": "https://registry.npmjs.org/@angular/common/-/common-17.0.9.tgz",
      "integrity": "sha512-xNS7DDfvFqfLr6xeZNJ+jORuGXP6hhv2HsYD3jb6ZQ8+QuMg+3MDij4a0L5npn72gH/Zz4JRKZ3Bt4Cq6cUqUA==",
      "peer": true,
      "dependencies": {
        "tslib": "^2.3.0"
      },
      "engines": {
        "node": "^18.13.0 || >=20.9.0"
      },
      "peerDependencies": {
        "@angular/core": "17.0.9",
        "rxjs": "^6.5.3 || ^7.4.0"
      }
    },
    "node_modules/@angular/core": {
      "version": "17.0.9",
      "resolved": "https://registry.npmjs.org/@angular/core/-/core-17.0.9.tgz",
      "integrity": "sha512-LtDWzyx19XNmAjXju9xjw//rDZPUFu2bllHqzS6NVO1bE4PwJHIs0zfvygh0j46ubKp1gUICNk3jvYK9FMVinA==",
      "peer": true,
      "dependencies": {
        "tslib": "^2.3.0"
      },
      "engines": {
        "node": "^18.13.0 || >=20.9.0"
      },
      "peerDependencies": {
        "rxjs": "^6.5.3 || ^7.4.0",
        "zone.js": "~0.14.0"
      }
    },
    "node_modules/highcharts": {
      "version": "11.3.0",
      "resolved": "https://registry.npmjs.org/highcharts/-/highcharts-11.3.0.tgz",
      "integrity": "sha512-Dk+Qfk/xit8KnXKPDxmcVcq48ZlcVSq7oYJR5VZlAVWnJ0BY3JFFi1GOvgSNUzlh2wzsfenihWpkAkWoag4Xqg==",
      "peer": true
    },
    "node_modules/highcharts-angular": {
      "version": "4.0.0",
      "resolved": "https://registry.npmjs.org/highcharts-angular/-/highcharts-angular-4.0.0.tgz",
      "integrity": "sha512-0ghWnKvab6u+AgSDR1mgmWa2RLZHeAQ1tHyfqx/8nJr6iy1NA5m6kVRERF6NAofrLQoZ0v+lNP2AlN/pim0d9A==",
      "dependencies": {
        "tslib": "^2.0.0"
      },
      "peerDependencies": {
        "@angular/common": ">=16.0.0",
        "@angular/core": ">=16.0.0",
        "highcharts": ">=9.0.0"
      }
    },
    "node_modules/rxjs": {
      "version": "7.8.1",
      "resolved": "https://registry.npmjs.org/rxjs/-/rxjs-7.8.1.tgz",
      "integrity": "sha512-AA3TVj+0A2iuIoQkWEK/tqFjBq2j+6PO6Y0zJcvzLAFhEFIO3HL0vls9hWLncZbAAbK0mar7oZ4V079I/qPMxg==",
      "peer": true,
      "dependencies": {
        "tslib": "^2.1.0"
      }
    },
    "node_modules/tslib": {
      "version": "2.6.2",
      "resolved": "https://registry.npmjs.org/tslib/-/tslib-2.6.2.tgz",
      "integrity": "sha512-AEYxH93jGFPn/a2iVAwW87VuUIkR1FVUKB77NwMF7nBTDkDrrT/Hpt/IrCJ0QXhW27jTBDcf5ZY7w6RiqTMw2Q=="
    },
    "node_modules/zone.js": {
      "version": "0.14.3",
      "resolved": "https://registry.npmjs.org/zone.js/-/zone.js-0.14.3.tgz",
      "integrity": "sha512-jYoNqF046Q+JfcZSItRSt+oXFcpXL88yq7XAZjb/NKTS7w2hHpKjRJ3VlFD1k75wMaRRXNUt5vrZVlygiMyHbA==",
      "peer": true,
      "dependencies": {
        "tslib": "^2.3.0"
      }
    }
  }
}
