
Microsoft Visual Studio Solution File, Format Version 12.00
# Visual Studio Version 17
VisualStudioVersion = 17.7.34202.233
MinimumVisualStudioVersion = 10.0.40219.1
Project("{FAE04EC0-301F-11D3-BF4B-00C04F79EFBC}") = "TecEnergy.WepApi", "TecEnergy.WepApi\TecEnergy.WepApi.csproj", "{8A1E0655-F9B0-4611-9FD4-88F19EB289DD}"
EndProject
Global
	GlobalSection(SolutionConfigurationPlatforms) = preSolution
		Debug|Any CPU = Debug|Any CPU
		Release|Any CPU = Release|Any CPU
	EndGlobalSection
	GlobalSection(ProjectConfigurationPlatforms) = postSolution
		{8A1E0655-F9B0-4611-9FD4-88F19EB289DD}.Debug|Any CPU.ActiveCfg = Debug|Any CPU
		{8A1E0655-F9B0-4611-9FD4-88F19EB289DD}.Debug|Any CPU.Build.0 = Debug|Any CPU
		{8A1E0655-F9B0-4611-9FD4-88F19EB289DD}.Release|Any CPU.ActiveCfg = Release|Any CPU
		{8A1E0655-F9B0-4611-9FD4-88F19EB289DD}.Release|Any CPU.Build.0 = Release|Any CPU
	EndGlobalSection
	GlobalSection(SolutionProperties) = preSolution
		HideSolutionNode = FALSE
	EndGlobalSection
	GlobalSection(ExtensibilityGlobals) = postSolution
		SolutionGuid = {830CCD8D-3189-40FE-B2F4-32B3CD1284EB}
	EndGlobalSection
EndGlobal
