
Microsoft Visual Studio Solution File, Format Version 12.00
# Visual Studio Version 17
VisualStudioVersion = 17.7.34202.233
MinimumVisualStudioVersion = 10.0.40219.1
Project("{9A19103F-16F7-4668-BE54-9A1E7A4F7556}") = "WebApi", "WebApi\WebApi.csproj", "{0940300D-FAF2-43C1-9A01-B1F387DBF480}"
EndProject
Global
	GlobalSection(SolutionConfigurationPlatforms) = preSolution
		Debug|Any CPU = Debug|Any CPU
		Release|Any CPU = Release|Any CPU
	EndGlobalSection
	GlobalSection(ProjectConfigurationPlatforms) = postSolution
		{0940300D-FAF2-43C1-9A01-B1F387DBF480}.Debug|Any CPU.ActiveCfg = Debug|Any CPU
		{0940300D-FAF2-43C1-9A01-B1F387DBF480}.Debug|Any CPU.Build.0 = Debug|Any CPU
		{0940300D-FAF2-43C1-9A01-B1F387DBF480}.Release|Any CPU.ActiveCfg = Release|Any CPU
		{0940300D-FAF2-43C1-9A01-B1F387DBF480}.Release|Any CPU.Build.0 = Release|Any CPU
	EndGlobalSection
	GlobalSection(SolutionProperties) = preSolution
		HideSolutionNode = FALSE
	EndGlobalSection
	GlobalSection(ExtensibilityGlobals) = postSolution
		SolutionGuid = {830CCD8D-3189-40FE-B2F4-32B3CD1284EB}
	EndGlobalSection
EndGlobal
